
Microsoft Visual Studio Solution File, Format Version 11.00
# Visual Studio 2010
Project("{2150E333-8FDC-42A3-9474-1A3956D46DE8}") = "Core", "Core", "{91C073A8-27C0-45AA-9E93-02F529D6817C}"
EndProject
Project("{FAE04EC0-301F-11D3-BF4B-00C04F79EFBC}") = "OsmSharp.Tools", "Core\OsmSharp.Tools\OsmSharp.Tools.csproj", "{95C32F29-5537-4FB7-8C85-B754BC9903A9}"
EndProject
Project("{FAE04EC0-301F-11D3-BF4B-00C04F79EFBC}") = "OsmSharp.Osm", "Core\OsmSharp.Osm\OsmSharp.Osm.csproj", "{249DCEC1-615D-40AA-93FF-BCE2178DFF83}"
EndProject
Project("{FAE04EC0-301F-11D3-BF4B-00C04F79EFBC}") = "OsmSharp.Routing", "Core\OsmSharp.Routing\OsmSharp.Routing.csproj", "{87A55F64-1162-4DF3-8B68-800E66D019EC}"
EndProject
Project("{2150E333-8FDC-42A3-9474-1A3956D46DE8}") = "Data", "Data", "{02CAFF61-31D2-49FD-B9DC-E3F1D25EAA22}"
EndProject
Project("{2150E333-8FDC-42A3-9474-1A3956D46DE8}") = "SQLServer", "SQLServer", "{D8B3AF42-3190-476F-953F-EE6F417D32BF}"
EndProject
Project("{FAE04EC0-301F-11D3-BF4B-00C04F79EFBC}") = "OsmSharp.Osm.Data.SQLServer", "Data\SQLServer\OsmSharp.Osm.Data.SQLServer\OsmSharp.Osm.Data.SQLServer.csproj", "{269551D7-97AC-464B-930E-1CD338DF790B}"
EndProject
Project("{FAE04EC0-301F-11D3-BF4B-00C04F79EFBC}") = "OsmSharp.Osm.Data.SQLServer.Unittests", "Data\SQLServer\OsmSharp.Osm.Data.SQLServer.Unittests\OsmSharp.Osm.Data.SQLServer.Unittests.csproj", "{5CA75F99-7306-467F-804D-24BD3E501DF6}"
EndProject
Project("{2150E333-8FDC-42A3-9474-1A3956D46DE8}") = "UI", "UI", "{E8844A10-D7E4-4F73-A367-B4D4121303A1}"
EndProject
Project("{FAE04EC0-301F-11D3-BF4B-00C04F79EFBC}") = "OsmSharp.UnitTests", "Core\OsmSharp.UnitTests\OsmSharp.UnitTests.csproj", "{73BE366F-133A-4C7B-8775-6FA3E7C8452F}"
EndProject
Project("{FAE04EC0-301F-11D3-BF4B-00C04F79EFBC}") = "OsmSharp.UI.Map", "UI\OsmSharp.UI.Map\OsmSharp.UI.Map.csproj", "{B076C8ED-B40F-4BAB-B91A-0673BB753C06}"
EndProject
Project("{FAE04EC0-301F-11D3-BF4B-00C04F79EFBC}") = "OsmSharp.UI.Interpreter", "UI\OsmSharp.UI.Interpreter\OsmSharp.UI.Interpreter.csproj", "{30CCEC5D-49C1-4A5F-986D-8CE14EBDE666}"
EndProject
Project("{FAE04EC0-301F-11D3-BF4B-00C04F79EFBC}") = "OsmSharp.UI.Unittests", "UI\OsmSharp.UI.Unittests\OsmSharp.UI.Unittests.csproj", "{B682A239-7846-4F98-83F8-EB1E6F71ACF1}"
EndProject
Project("{2150E333-8FDC-42A3-9474-1A3956D46DE8}") = "Winforms", "Winforms", "{3E562BA8-6134-4A87-82E9-702CBF41EDC6}"
EndProject
Project("{FAE04EC0-301F-11D3-BF4B-00C04F79EFBC}") = "OsmSharp.Osm.Renderer.Gdi", "UI\Winforms\OsmSharp.Osm.Renderer.Gdi\OsmSharp.Osm.Renderer.Gdi.csproj", "{9B62129C-166A-4D54-AFD5-8ECE28DAC233}"
EndProject
Project("{FAE04EC0-301F-11D3-BF4B-00C04F79EFBC}") = "OsmSharp.Osm.UI.Model", "UI\Winforms\OsmSharp.Osm.UI.Model\OsmSharp.Osm.UI.Model.csproj", "{F9AD02A8-7B4A-402D-BAC0-C2DC610BFD02}"
EndProject
Project("{FAE04EC0-301F-11D3-BF4B-00C04F79EFBC}") = "OsmSharp.Osm.UI.WinForms", "UI\Winforms\OsmSharp.Osm.UI.WinForms\OsmSharp.Osm.UI.WinForms.csproj", "{3DDB7306-710B-4CD9-90B8-E29F1127B1A5}"
EndProject
Project("{FAE04EC0-301F-11D3-BF4B-00C04F79EFBC}") = "OsmSharp.Osm.UI.WinForms.Test", "UI\Winforms\OsmSharp.Osm.UI.WinForms.Test\OsmSharp.Osm.UI.WinForms.Test.csproj", "{FDFF4E61-7361-4FEC-9AD2-33AA60ECEC00}"
EndProject
Global
	GlobalSection(TestCaseManagementSettings) = postSolution
		CategoryFile = OsmSharp.vsmdi
	EndGlobalSection
	GlobalSection(SolutionConfigurationPlatforms) = preSolution
		Debug|Any CPU = Debug|Any CPU
		Debug|x64 = Debug|x64
		Debug|x86 = Debug|x86
		Release|Any CPU = Release|Any CPU
		Release|x64 = Release|x64
		Release|x86 = Release|x86
	EndGlobalSection
	GlobalSection(ProjectConfigurationPlatforms) = postSolution
		{95C32F29-5537-4FB7-8C85-B754BC9903A9}.Debug|Any CPU.ActiveCfg = Debug|Any CPU
		{95C32F29-5537-4FB7-8C85-B754BC9903A9}.Debug|Any CPU.Build.0 = Debug|Any CPU
		{95C32F29-5537-4FB7-8C85-B754BC9903A9}.Debug|x64.ActiveCfg = Debug|x64
		{95C32F29-5537-4FB7-8C85-B754BC9903A9}.Debug|x64.Build.0 = Debug|x64
		{95C32F29-5537-4FB7-8C85-B754BC9903A9}.Debug|x86.ActiveCfg = Debug|x86
		{95C32F29-5537-4FB7-8C85-B754BC9903A9}.Debug|x86.Build.0 = Debug|x86
		{95C32F29-5537-4FB7-8C85-B754BC9903A9}.Release|Any CPU.ActiveCfg = Release|Any CPU
		{95C32F29-5537-4FB7-8C85-B754BC9903A9}.Release|Any CPU.Build.0 = Release|Any CPU
		{95C32F29-5537-4FB7-8C85-B754BC9903A9}.Release|x64.ActiveCfg = Release|x64
		{95C32F29-5537-4FB7-8C85-B754BC9903A9}.Release|x64.Build.0 = Release|x64
		{95C32F29-5537-4FB7-8C85-B754BC9903A9}.Release|x86.ActiveCfg = Release|x86
		{95C32F29-5537-4FB7-8C85-B754BC9903A9}.Release|x86.Build.0 = Release|x86
		{249DCEC1-615D-40AA-93FF-BCE2178DFF83}.Debug|Any CPU.ActiveCfg = Debug|Any CPU
		{249DCEC1-615D-40AA-93FF-BCE2178DFF83}.Debug|Any CPU.Build.0 = Debug|Any CPU
		{249DCEC1-615D-40AA-93FF-BCE2178DFF83}.Debug|x64.ActiveCfg = Debug|x64
		{249DCEC1-615D-40AA-93FF-BCE2178DFF83}.Debug|x64.Build.0 = Debug|x64
		{249DCEC1-615D-40AA-93FF-BCE2178DFF83}.Debug|x86.ActiveCfg = Debug|x86
		{249DCEC1-615D-40AA-93FF-BCE2178DFF83}.Debug|x86.Build.0 = Debug|x86
		{249DCEC1-615D-40AA-93FF-BCE2178DFF83}.Release|Any CPU.ActiveCfg = Release|Any CPU
		{249DCEC1-615D-40AA-93FF-BCE2178DFF83}.Release|Any CPU.Build.0 = Release|Any CPU
		{249DCEC1-615D-40AA-93FF-BCE2178DFF83}.Release|x64.ActiveCfg = Release|x64
		{249DCEC1-615D-40AA-93FF-BCE2178DFF83}.Release|x64.Build.0 = Release|x64
		{249DCEC1-615D-40AA-93FF-BCE2178DFF83}.Release|x86.ActiveCfg = Release|x86
		{249DCEC1-615D-40AA-93FF-BCE2178DFF83}.Release|x86.Build.0 = Release|x86
		{87A55F64-1162-4DF3-8B68-800E66D019EC}.Debug|Any CPU.ActiveCfg = Debug|Any CPU
		{87A55F64-1162-4DF3-8B68-800E66D019EC}.Debug|Any CPU.Build.0 = Debug|Any CPU
		{87A55F64-1162-4DF3-8B68-800E66D019EC}.Debug|x64.ActiveCfg = Debug|x64
		{87A55F64-1162-4DF3-8B68-800E66D019EC}.Debug|x64.Build.0 = Debug|x64
		{87A55F64-1162-4DF3-8B68-800E66D019EC}.Debug|x86.ActiveCfg = Debug|x86
		{87A55F64-1162-4DF3-8B68-800E66D019EC}.Debug|x86.Build.0 = Debug|x86
		{87A55F64-1162-4DF3-8B68-800E66D019EC}.Release|Any CPU.ActiveCfg = Release|Any CPU
		{87A55F64-1162-4DF3-8B68-800E66D019EC}.Release|Any CPU.Build.0 = Release|Any CPU
		{87A55F64-1162-4DF3-8B68-800E66D019EC}.Release|x64.ActiveCfg = Release|x64
		{87A55F64-1162-4DF3-8B68-800E66D019EC}.Release|x64.Build.0 = Release|x64
		{87A55F64-1162-4DF3-8B68-800E66D019EC}.Release|x86.ActiveCfg = Release|x86
		{87A55F64-1162-4DF3-8B68-800E66D019EC}.Release|x86.Build.0 = Release|x86
		{269551D7-97AC-464B-930E-1CD338DF790B}.Debug|Any CPU.ActiveCfg = Debug|Any CPU
		{269551D7-97AC-464B-930E-1CD338DF790B}.Debug|Any CPU.Build.0 = Debug|Any CPU
		{269551D7-97AC-464B-930E-1CD338DF790B}.Debug|x64.ActiveCfg = Debug|x64
		{269551D7-97AC-464B-930E-1CD338DF790B}.Debug|x64.Build.0 = Debug|x64
		{269551D7-97AC-464B-930E-1CD338DF790B}.Debug|x86.ActiveCfg = Debug|x86
		{269551D7-97AC-464B-930E-1CD338DF790B}.Debug|x86.Build.0 = Debug|x86
		{269551D7-97AC-464B-930E-1CD338DF790B}.Release|Any CPU.ActiveCfg = Release|Any CPU
		{269551D7-97AC-464B-930E-1CD338DF790B}.Release|Any CPU.Build.0 = Release|Any CPU
		{269551D7-97AC-464B-930E-1CD338DF790B}.Release|x64.ActiveCfg = Release|x64
		{269551D7-97AC-464B-930E-1CD338DF790B}.Release|x64.Build.0 = Release|x64
		{269551D7-97AC-464B-930E-1CD338DF790B}.Release|x86.ActiveCfg = Release|x86
		{269551D7-97AC-464B-930E-1CD338DF790B}.Release|x86.Build.0 = Release|x86
		{5CA75F99-7306-467F-804D-24BD3E501DF6}.Debug|Any CPU.ActiveCfg = Debug|Any CPU
		{5CA75F99-7306-467F-804D-24BD3E501DF6}.Debug|Any CPU.Build.0 = Debug|Any CPU
		{5CA75F99-7306-467F-804D-24BD3E501DF6}.Debug|x64.ActiveCfg = Debug|x64
		{5CA75F99-7306-467F-804D-24BD3E501DF6}.Debug|x64.Build.0 = Debug|x64
		{5CA75F99-7306-467F-804D-24BD3E501DF6}.Debug|x86.ActiveCfg = Debug|x86
		{5CA75F99-7306-467F-804D-24BD3E501DF6}.Debug|x86.Build.0 = Debug|x86
		{5CA75F99-7306-467F-804D-24BD3E501DF6}.Release|Any CPU.ActiveCfg = Release|Any CPU
		{5CA75F99-7306-467F-804D-24BD3E501DF6}.Release|Any CPU.Build.0 = Release|Any CPU
		{5CA75F99-7306-467F-804D-24BD3E501DF6}.Release|x64.ActiveCfg = Release|x64
		{5CA75F99-7306-467F-804D-24BD3E501DF6}.Release|x64.Build.0 = Release|x64
		{5CA75F99-7306-467F-804D-24BD3E501DF6}.Release|x86.ActiveCfg = Release|x86
		{5CA75F99-7306-467F-804D-24BD3E501DF6}.Release|x86.Build.0 = Release|x86
		{73BE366F-133A-4C7B-8775-6FA3E7C8452F}.Debug|Any CPU.ActiveCfg = Debug|Any CPU
		{73BE366F-133A-4C7B-8775-6FA3E7C8452F}.Debug|Any CPU.Build.0 = Debug|Any CPU
		{73BE366F-133A-4C7B-8775-6FA3E7C8452F}.Debug|x64.ActiveCfg = Debug|x64
		{73BE366F-133A-4C7B-8775-6FA3E7C8452F}.Debug|x64.Build.0 = Debug|x64
		{73BE366F-133A-4C7B-8775-6FA3E7C8452F}.Debug|x86.ActiveCfg = Debug|x86
		{73BE366F-133A-4C7B-8775-6FA3E7C8452F}.Debug|x86.Build.0 = Debug|x86
		{73BE366F-133A-4C7B-8775-6FA3E7C8452F}.Release|Any CPU.ActiveCfg = Release|Any CPU
		{73BE366F-133A-4C7B-8775-6FA3E7C8452F}.Release|Any CPU.Build.0 = Release|Any CPU
		{73BE366F-133A-4C7B-8775-6FA3E7C8452F}.Release|x64.ActiveCfg = Release|x64
		{73BE366F-133A-4C7B-8775-6FA3E7C8452F}.Release|x64.Build.0 = Release|x64
		{73BE366F-133A-4C7B-8775-6FA3E7C8452F}.Release|x86.ActiveCfg = Release|x86
		{73BE366F-133A-4C7B-8775-6FA3E7C8452F}.Release|x86.Build.0 = Release|x86
		{B076C8ED-B40F-4BAB-B91A-0673BB753C06}.Debug|Any CPU.ActiveCfg = Debug|Any CPU
		{B076C8ED-B40F-4BAB-B91A-0673BB753C06}.Debug|Any CPU.Build.0 = Debug|Any CPU
		{B076C8ED-B40F-4BAB-B91A-0673BB753C06}.Debug|x64.ActiveCfg = Debug|x64
		{B076C8ED-B40F-4BAB-B91A-0673BB753C06}.Debug|x64.Build.0 = Debug|x64
		{B076C8ED-B40F-4BAB-B91A-0673BB753C06}.Debug|x86.ActiveCfg = Debug|x86
		{B076C8ED-B40F-4BAB-B91A-0673BB753C06}.Debug|x86.Build.0 = Debug|x86
		{B076C8ED-B40F-4BAB-B91A-0673BB753C06}.Release|Any CPU.ActiveCfg = Release|Any CPU
		{B076C8ED-B40F-4BAB-B91A-0673BB753C06}.Release|Any CPU.Build.0 = Release|Any CPU
		{B076C8ED-B40F-4BAB-B91A-0673BB753C06}.Release|x64.ActiveCfg = Release|x64
		{B076C8ED-B40F-4BAB-B91A-0673BB753C06}.Release|x64.Build.0 = Release|x64
		{B076C8ED-B40F-4BAB-B91A-0673BB753C06}.Release|x86.ActiveCfg = Release|x86
		{B076C8ED-B40F-4BAB-B91A-0673BB753C06}.Release|x86.Build.0 = Release|x86
		{30CCEC5D-49C1-4A5F-986D-8CE14EBDE666}.Debug|Any CPU.ActiveCfg = Debug|Any CPU
		{30CCEC5D-49C1-4A5F-986D-8CE14EBDE666}.Debug|Any CPU.Build.0 = Debug|Any CPU
		{30CCEC5D-49C1-4A5F-986D-8CE14EBDE666}.Debug|x64.ActiveCfg = Debug|x64
		{30CCEC5D-49C1-4A5F-986D-8CE14EBDE666}.Debug|x64.Build.0 = Debug|x64
		{30CCEC5D-49C1-4A5F-986D-8CE14EBDE666}.Debug|x86.ActiveCfg = Debug|x86
		{30CCEC5D-49C1-4A5F-986D-8CE14EBDE666}.Debug|x86.Build.0 = Debug|x86
		{30CCEC5D-49C1-4A5F-986D-8CE14EBDE666}.Release|Any CPU.ActiveCfg = Release|Any CPU
		{30CCEC5D-49C1-4A5F-986D-8CE14EBDE666}.Release|Any CPU.Build.0 = Release|Any CPU
		{30CCEC5D-49C1-4A5F-986D-8CE14EBDE666}.Release|x64.ActiveCfg = Release|x64
		{30CCEC5D-49C1-4A5F-986D-8CE14EBDE666}.Release|x64.Build.0 = Release|x64
		{30CCEC5D-49C1-4A5F-986D-8CE14EBDE666}.Release|x86.ActiveCfg = Release|x86
		{30CCEC5D-49C1-4A5F-986D-8CE14EBDE666}.Release|x86.Build.0 = Release|x86
		{B682A239-7846-4F98-83F8-EB1E6F71ACF1}.Debug|Any CPU.ActiveCfg = Debug|Any CPU
		{B682A239-7846-4F98-83F8-EB1E6F71ACF1}.Debug|Any CPU.Build.0 = Debug|Any CPU
		{B682A239-7846-4F98-83F8-EB1E6F71ACF1}.Debug|x64.ActiveCfg = Debug|x86
		{B682A239-7846-4F98-83F8-EB1E6F71ACF1}.Debug|x64.Build.0 = Debug|x86
		{B682A239-7846-4F98-83F8-EB1E6F71ACF1}.Debug|x86.ActiveCfg = Debug|x86
		{B682A239-7846-4F98-83F8-EB1E6F71ACF1}.Debug|x86.Build.0 = Debug|x86
		{B682A239-7846-4F98-83F8-EB1E6F71ACF1}.Release|Any CPU.ActiveCfg = Release|Any CPU
		{B682A239-7846-4F98-83F8-EB1E6F71ACF1}.Release|Any CPU.Build.0 = Release|Any CPU
		{B682A239-7846-4F98-83F8-EB1E6F71ACF1}.Release|x64.ActiveCfg = Release|x86
		{B682A239-7846-4F98-83F8-EB1E6F71ACF1}.Release|x86.ActiveCfg = Release|x86
		{B682A239-7846-4F98-83F8-EB1E6F71ACF1}.Release|x86.Build.0 = Release|x86
		{9B62129C-166A-4D54-AFD5-8ECE28DAC233}.Debug|Any CPU.ActiveCfg = Debug|Any CPU
		{9B62129C-166A-4D54-AFD5-8ECE28DAC233}.Debug|Any CPU.Build.0 = Debug|Any CPU
		{9B62129C-166A-4D54-AFD5-8ECE28DAC233}.Debug|x64.ActiveCfg = Debug|x64
		{9B62129C-166A-4D54-AFD5-8ECE28DAC233}.Debug|x64.Build.0 = Debug|x64
		{9B62129C-166A-4D54-AFD5-8ECE28DAC233}.Debug|x86.ActiveCfg = Debug|x86
		{9B62129C-166A-4D54-AFD5-8ECE28DAC233}.Debug|x86.Build.0 = Debug|x86
		{9B62129C-166A-4D54-AFD5-8ECE28DAC233}.Release|Any CPU.ActiveCfg = Release|Any CPU
		{9B62129C-166A-4D54-AFD5-8ECE28DAC233}.Release|Any CPU.Build.0 = Release|Any CPU
		{9B62129C-166A-4D54-AFD5-8ECE28DAC233}.Release|x64.ActiveCfg = Release|x64
		{9B62129C-166A-4D54-AFD5-8ECE28DAC233}.Release|x64.Build.0 = Release|x64
		{9B62129C-166A-4D54-AFD5-8ECE28DAC233}.Release|x86.ActiveCfg = Release|x86
		{9B62129C-166A-4D54-AFD5-8ECE28DAC233}.Release|x86.Build.0 = Release|x86
		{F9AD02A8-7B4A-402D-BAC0-C2DC610BFD02}.Debug|Any CPU.ActiveCfg = Debug|Any CPU
		{F9AD02A8-7B4A-402D-BAC0-C2DC610BFD02}.Debug|Any CPU.Build.0 = Debug|Any CPU
		{F9AD02A8-7B4A-402D-BAC0-C2DC610BFD02}.Debug|x64.ActiveCfg = Debug|x64
		{F9AD02A8-7B4A-402D-BAC0-C2DC610BFD02}.Debug|x64.Build.0 = Debug|x64
		{F9AD02A8-7B4A-402D-BAC0-C2DC610BFD02}.Debug|x86.ActiveCfg = Debug|x86
		{F9AD02A8-7B4A-402D-BAC0-C2DC610BFD02}.Debug|x86.Build.0 = Debug|x86
		{F9AD02A8-7B4A-402D-BAC0-C2DC610BFD02}.Release|Any CPU.ActiveCfg = Release|Any CPU
		{F9AD02A8-7B4A-402D-BAC0-C2DC610BFD02}.Release|Any CPU.Build.0 = Release|Any CPU
		{F9AD02A8-7B4A-402D-BAC0-C2DC610BFD02}.Release|x64.ActiveCfg = Release|x64
		{F9AD02A8-7B4A-402D-BAC0-C2DC610BFD02}.Release|x64.Build.0 = Release|x64
		{F9AD02A8-7B4A-402D-BAC0-C2DC610BFD02}.Release|x86.ActiveCfg = Release|x86
		{F9AD02A8-7B4A-402D-BAC0-C2DC610BFD02}.Release|x86.Build.0 = Release|x86
		{3DDB7306-710B-4CD9-90B8-E29F1127B1A5}.Debug|Any CPU.ActiveCfg = Debug|Any CPU
		{3DDB7306-710B-4CD9-90B8-E29F1127B1A5}.Debug|Any CPU.Build.0 = Debug|Any CPU
		{3DDB7306-710B-4CD9-90B8-E29F1127B1A5}.Debug|x64.ActiveCfg = Debug|x64
		{3DDB7306-710B-4CD9-90B8-E29F1127B1A5}.Debug|x64.Build.0 = Debug|x64
		{3DDB7306-710B-4CD9-90B8-E29F1127B1A5}.Debug|x86.ActiveCfg = Debug|x86
		{3DDB7306-710B-4CD9-90B8-E29F1127B1A5}.Debug|x86.Build.0 = Debug|x86
		{3DDB7306-710B-4CD9-90B8-E29F1127B1A5}.Release|Any CPU.ActiveCfg = Release|Any CPU
		{3DDB7306-710B-4CD9-90B8-E29F1127B1A5}.Release|Any CPU.Build.0 = Release|Any CPU
		{3DDB7306-710B-4CD9-90B8-E29F1127B1A5}.Release|x64.ActiveCfg = Release|x64
		{3DDB7306-710B-4CD9-90B8-E29F1127B1A5}.Release|x64.Build.0 = Release|x64
		{3DDB7306-710B-4CD9-90B8-E29F1127B1A5}.Release|x86.ActiveCfg = Release|x86
		{3DDB7306-710B-4CD9-90B8-E29F1127B1A5}.Release|x86.Build.0 = Release|x86
		{FDFF4E61-7361-4FEC-9AD2-33AA60ECEC00}.Debug|Any CPU.ActiveCfg = Debug|Any CPU
		{FDFF4E61-7361-4FEC-9AD2-33AA60ECEC00}.Debug|Any CPU.Build.0 = Debug|Any CPU
		{FDFF4E61-7361-4FEC-9AD2-33AA60ECEC00}.Debug|x64.ActiveCfg = Debug|x64
		{FDFF4E61-7361-4FEC-9AD2-33AA60ECEC00}.Debug|x64.Build.0 = Debug|x64
		{FDFF4E61-7361-4FEC-9AD2-33AA60ECEC00}.Debug|x86.ActiveCfg = Debug|x86
		{FDFF4E61-7361-4FEC-9AD2-33AA60ECEC00}.Debug|x86.Build.0 = Debug|x86
		{FDFF4E61-7361-4FEC-9AD2-33AA60ECEC00}.Release|Any CPU.ActiveCfg = Release|Any CPU
		{FDFF4E61-7361-4FEC-9AD2-33AA60ECEC00}.Release|Any CPU.Build.0 = Release|Any CPU
		{FDFF4E61-7361-4FEC-9AD2-33AA60ECEC00}.Release|x64.ActiveCfg = Release|x64
		{FDFF4E61-7361-4FEC-9AD2-33AA60ECEC00}.Release|x64.Build.0 = Release|x64
		{FDFF4E61-7361-4FEC-9AD2-33AA60ECEC00}.Release|x86.ActiveCfg = Release|x86
		{FDFF4E61-7361-4FEC-9AD2-33AA60ECEC00}.Release|x86.Build.0 = Release|x86
	EndGlobalSection
	GlobalSection(SolutionProperties) = preSolution
		HideSolutionNode = FALSE
	EndGlobalSection
	GlobalSection(NestedProjects) = preSolution
		{95C32F29-5537-4FB7-8C85-B754BC9903A9} = {91C073A8-27C0-45AA-9E93-02F529D6817C}
		{249DCEC1-615D-40AA-93FF-BCE2178DFF83} = {91C073A8-27C0-45AA-9E93-02F529D6817C}
		{87A55F64-1162-4DF3-8B68-800E66D019EC} = {91C073A8-27C0-45AA-9E93-02F529D6817C}
		{73BE366F-133A-4C7B-8775-6FA3E7C8452F} = {91C073A8-27C0-45AA-9E93-02F529D6817C}
		{D8B3AF42-3190-476F-953F-EE6F417D32BF} = {02CAFF61-31D2-49FD-B9DC-E3F1D25EAA22}
		{269551D7-97AC-464B-930E-1CD338DF790B} = {D8B3AF42-3190-476F-953F-EE6F417D32BF}
		{5CA75F99-7306-467F-804D-24BD3E501DF6} = {D8B3AF42-3190-476F-953F-EE6F417D32BF}
		{B076C8ED-B40F-4BAB-B91A-0673BB753C06} = {E8844A10-D7E4-4F73-A367-B4D4121303A1}
		{30CCEC5D-49C1-4A5F-986D-8CE14EBDE666} = {E8844A10-D7E4-4F73-A367-B4D4121303A1}
		{B682A239-7846-4F98-83F8-EB1E6F71ACF1} = {E8844A10-D7E4-4F73-A367-B4D4121303A1}
		{3E562BA8-6134-4A87-82E9-702CBF41EDC6} = {E8844A10-D7E4-4F73-A367-B4D4121303A1}
		{9B62129C-166A-4D54-AFD5-8ECE28DAC233} = {3E562BA8-6134-4A87-82E9-702CBF41EDC6}
		{F9AD02A8-7B4A-402D-BAC0-C2DC610BFD02} = {3E562BA8-6134-4A87-82E9-702CBF41EDC6}
		{3DDB7306-710B-4CD9-90B8-E29F1127B1A5} = {3E562BA8-6134-4A87-82E9-702CBF41EDC6}
		{FDFF4E61-7361-4FEC-9AD2-33AA60ECEC00} = {3E562BA8-6134-4A87-82E9-702CBF41EDC6}
	EndGlobalSection
	GlobalSection(MonoDevelopProperties) = preSolution
		StartupItem = OsmSharp.UnitTests\OsmSharp.UnitTests.csproj
		Policies = $0
		$0.DotNetNamingPolicy = $1
		$1.DirectoryNamespaceAssociation = None
		$1.ResourceNamePolicy = FileFormatDefault
	EndGlobalSection
EndGlobal
